
Microsoft Visual Studio Solution File, Format Version 12.00
# Visual Studio Version 17
VisualStudioVersion = 17.6.33801.468
MinimumVisualStudioVersion = 10.0.40219.1
Project("{9A19103F-16F7-4668-BE54-9A1E7A4F7556}") = "VendingMechine", "VendingMechine\VendingMechine.csproj", "{469DD0DE-D17D-49B5-A5C8-244501115F3C}"
EndProject
Project("{FAE04EC0-301F-11D3-BF4B-00C04F79EFBC}") = "VendintMachineTest", "VendintMachineTest\VendintMachineTest.csproj", "{EEEA8127-9567-447F-880F-39733F81EFC1}"
EndProject
Global
	GlobalSection(SolutionConfigurationPlatforms) = preSolution
		Debug|Any CPU = Debug|Any CPU
		Release|Any CPU = Release|Any CPU
	EndGlobalSection
	GlobalSection(ProjectConfigurationPlatforms) = postSolution
		{469DD0DE-D17D-49B5-A5C8-244501115F3C}.Debug|Any CPU.ActiveCfg = Debug|Any CPU
		{469DD0DE-D17D-49B5-A5C8-244501115F3C}.Debug|Any CPU.Build.0 = Debug|Any CPU
		{469DD0DE-D17D-49B5-A5C8-244501115F3C}.Release|Any CPU.ActiveCfg = Release|Any CPU
		{469DD0DE-D17D-49B5-A5C8-244501115F3C}.Release|Any CPU.Build.0 = Release|Any CPU
		{EEEA8127-9567-447F-880F-39733F81EFC1}.Debug|Any CPU.ActiveCfg = Debug|Any CPU
		{EEEA8127-9567-447F-880F-39733F81EFC1}.Debug|Any CPU.Build.0 = Debug|Any CPU
		{EEEA8127-9567-447F-880F-39733F81EFC1}.Release|Any CPU.ActiveCfg = Release|Any CPU
		{EEEA8127-9567-447F-880F-39733F81EFC1}.Release|Any CPU.Build.0 = Release|Any CPU
	EndGlobalSection
	GlobalSection(SolutionProperties) = preSolution
		HideSolutionNode = FALSE
	EndGlobalSection
	GlobalSection(ExtensibilityGlobals) = postSolution
		SolutionGuid = {43BBBC00-4733-4056-9875-83EE9F63FF4A}
	EndGlobalSection
EndGlobal
